PODS:
  - auto_updater (0.0.1):
    - FlutterMacOS
    - Sparkle
  - connectivity_plus (0.0.1):
    - FlutterMacOS
    - ReachabilitySwift
  - flutter_local_notifications (0.0.1):
    - FlutterMacOS
  - FlutterMacOS (1.0.0)
  - FMDB (2.7.5):
    - FMDB/standard (= 2.7.5)
  - FMDB/standard (2.7.5)
  - path_provider_foundation (0.0.1):
    - Flutter
    - FlutterMacOS
  - ReachabilitySwift (5.0.0)
  - screen_retriever (0.0.1):
    - FlutterMacOS
  - shared_preferences_foundation (0.0.1):
    - Flutter
    - FlutterMacOS
  - Sparkle (2.4.2)
  - sqflite (0.0.2):
    - FlutterMacOS
    - FMDB (>= 2.7.5)
  - tray_manager (0.0.1):
    - FlutterMacOS
  - window_manager (0.2.0):
    - FlutterMacOS

DEPENDENCIES:
  - auto_updater (from `Flutter/ephemeral/.symlinks/plugins/auto_updater/macos`)
  - connectivity_plus (from `Flutter/ephemeral/.symlinks/plugins/connectivity_plus/macos`)
  - flutter_local_notifications (from `Flutter/ephemeral/.symlinks/plugins/flutter_local_notifications/macos`)
  - FlutterMacOS (from `Flutter/ephemeral`)
  - path_provider_foundation (from `Flutter/ephemeral/.symlinks/plugins/path_provider_foundation/darwin`)
  - screen_retriever (from `Flutter/ephemeral/.symlinks/plugins/screen_retriever/macos`)
  - shared_preferences_foundation (from `Flutter/ephemeral/.symlinks/plugins/shared_preferences_foundation/darwin`)
  - sqflite (from `Flutter/ephemeral/.symlinks/plugins/sqflite/macos`)
  - tray_manager (from `Flutter/ephemeral/.symlinks/plugins/tray_manager/macos`)
  - window_manager (from `Flutter/ephemeral/.symlinks/plugins/window_manager/macos`)

SPEC REPOS:
  trunk:
    - FMDB
    - ReachabilitySwift
    - Sparkle

EXTERNAL SOURCES:
  auto_updater:
    :path: Flutter/ephemeral/.symlinks/plugins/auto_updater/macos
  connectivity_plus:
    :path: Flutter/ephemeral/.symlinks/plugins/connectivity_plus/macos
  flutter_local_notifications:
    :path: Flutter/ephemeral/.symlinks/plugins/flutter_local_notifications/macos
  FlutterMacOS:
    :path: Flutter/ephemeral
  path_provider_foundation:
    :path: Flutter/ephemeral/.symlinks/plugins/path_provider_foundation/darwin
  screen_retriever:
    :path: Flutter/ephemeral/.symlinks/plugins/screen_retriever/macos
  shared_preferences_foundation:
    :path: Flutter/ephemeral/.symlinks/plugins/shared_preferences_foundation/darwin
  sqflite:
    :path: Flutter/ephemeral/.symlinks/plugins/sqflite/macos
  tray_manager:
    :path: Flutter/ephemeral/.symlinks/plugins/tray_manager/macos
  window_manager:
    :path: Flutter/ephemeral/.symlinks/plugins/window_manager/macos

SPEC CHECKSUMS:
  auto_updater: d3c03e9e5f2a00ec78572d9f7473cb8c9a6c0273
  connectivity_plus: 18d3c32514c886e046de60e9c13895109866c747
  flutter_local_notifications: 3805ca215b2fb7f397d78b66db91f6a747af52e4
  FlutterMacOS: 8f6f14fa908a6fb3fba0cd85dbd81ec4b251fb24
  FMDB: 2ce00b547f966261cd18927a3ddb07cb6f3db82a
  path_provider_foundation: eaf5b3e458fc0e5fbb9940fb09980e853fe058b8
  ReachabilitySwift: 985039c6f7b23a1da463388634119492ff86c825
  screen_retriever: 59634572a57080243dd1bf715e55b6c54f241a38
  shared_preferences_foundation: e2dae3258e06f44cc55f49d42024fd8dd03c590c
  Sparkle: 5ef7097e655c60f4aeb23fd1658fc3e8dd50f4ec
  sqflite: a5789cceda41d54d23f31d6de539d65bb14100ea
  tray_manager: 9064e219c56d75c476e46b9a21182087930baf90
  window_manager: 3a1844359a6295ab1e47659b1a777e36773cd6e8

PODFILE CHECKSUM: 8d40c19d3cbdb380d870685c3a564c989f1efa52

COCOAPODS: 1.12.1
